
Microsoft Visual Studio Solution File, Format Version 12.00
# Visual Studio Version 16
VisualStudioVersion = 16.0.30002.166
MinimumVisualStudioVersion = 10.0.40219.1
Project("{FAE04EC0-301F-11D3-BF4B-00C04F79EFBC}") = "Colecciones", "Colecciones\Colecciones.csproj", "{368F0498-EE47-4D4D-8976-0BBFA8935BFB}"
EndProject
Global
	GlobalSection(SolutionConfigurationPlatforms) = preSolution
		Debug|Any CPU = Debug|Any CPU
		Release|Any CPU = Release|Any CPU
	EndGlobalSection
	GlobalSection(ProjectConfigurationPlatforms) = postSolution
		{368F0498-EE47-4D4D-8976-0BBFA8935BFB}.Debug|Any CPU.ActiveCfg = Debug|Any CPU
		{368F0498-EE47-4D4D-8976-0BBFA8935BFB}.Debug|Any CPU.Build.0 = Debug|Any CPU
		{368F0498-EE47-4D4D-8976-0BBFA8935BFB}.Release|Any CPU.ActiveCfg = Release|Any CPU
		{368F0498-EE47-4D4D-8976-0BBFA8935BFB}.Release|Any CPU.Build.0 = Release|Any CPU
	EndGlobalSection
	GlobalSection(SolutionProperties) = preSolution
		HideSolutionNode = FALSE
	EndGlobalSection
	GlobalSection(ExtensibilityGlobals) = postSolution
		SolutionGuid = {0E5DAF13-6181-4964-A12B-9F7E11F52E2E}
	EndGlobalSection
EndGlobal
