
Microsoft Visual Studio Solution File, Format Version 12.00
# Visual Studio Version 16
VisualStudioVersion = 16.0.30114.105
MinimumVisualStudioVersion = 10.0.40219.1
Project("{FAE04EC0-301F-11D3-BF4B-00C04F79EFBC}") = "Entidades", "Entidades\Entidades.csproj", "{8677013F-808D-4FF2-9E1A-6508CAA5A259}"
EndProject
Project("{FAE04EC0-301F-11D3-BF4B-00C04F79EFBC}") = "PruebaEnWinForms", "PruebaEnWinForms\PruebaEnWinForms.csproj", "{AA891C09-BE28-4D2B-8684-D8E36968A612}"
EndProject
Global
	GlobalSection(SolutionConfigurationPlatforms) = preSolution
		Debug|Any CPU = Debug|Any CPU
		Release|Any CPU = Release|Any CPU
	EndGlobalSection
	GlobalSection(ProjectConfigurationPlatforms) = postSolution
		{8677013F-808D-4FF2-9E1A-6508CAA5A259}.Debug|Any CPU.ActiveCfg = Debug|Any CPU
		{8677013F-808D-4FF2-9E1A-6508CAA5A259}.Debug|Any CPU.Build.0 = Debug|Any CPU
		{8677013F-808D-4FF2-9E1A-6508CAA5A259}.Release|Any CPU.ActiveCfg = Release|Any CPU
		{8677013F-808D-4FF2-9E1A-6508CAA5A259}.Release|Any CPU.Build.0 = Release|Any CPU
		{AA891C09-BE28-4D2B-8684-D8E36968A612}.Debug|Any CPU.ActiveCfg = Debug|Any CPU
		{AA891C09-BE28-4D2B-8684-D8E36968A612}.Debug|Any CPU.Build.0 = Debug|Any CPU
		{AA891C09-BE28-4D2B-8684-D8E36968A612}.Release|Any CPU.ActiveCfg = Release|Any CPU
		{AA891C09-BE28-4D2B-8684-D8E36968A612}.Release|Any CPU.Build.0 = Release|Any CPU
	EndGlobalSection
	GlobalSection(SolutionProperties) = preSolution
		HideSolutionNode = FALSE
	EndGlobalSection
	GlobalSection(ExtensibilityGlobals) = postSolution
		SolutionGuid = {97870847-D4A0-4972-8BD5-925BF2DF7DDE}
	EndGlobalSection
EndGlobal
