
Microsoft Visual Studio Solution File, Format Version 12.00
# Visual Studio Version 16
VisualStudioVersion = 16.0.30002.166
MinimumVisualStudioVersion = 10.0.40219.1
Project("{FAE04EC0-301F-11D3-BF4B-00C04F79EFBC}") = "Ejercicio_26", "Ejercicio_26\Ejercicio_26.csproj", "{2992ABD6-236D-4CB9-B41E-48550FAB9521}"
EndProject
Global
	GlobalSection(SolutionConfigurationPlatforms) = preSolution
		Debug|Any CPU = Debug|Any CPU
		Release|Any CPU = Release|Any CPU
	EndGlobalSection
	GlobalSection(ProjectConfigurationPlatforms) = postSolution
		{2992ABD6-236D-4CB9-B41E-48550FAB9521}.Debug|Any CPU.ActiveCfg = Debug|Any CPU
		{2992ABD6-236D-4CB9-B41E-48550FAB9521}.Debug|Any CPU.Build.0 = Debug|Any CPU
		{2992ABD6-236D-4CB9-B41E-48550FAB9521}.Release|Any CPU.ActiveCfg = Release|Any CPU
		{2992ABD6-236D-4CB9-B41E-48550FAB9521}.Release|Any CPU.Build.0 = Release|Any CPU
	EndGlobalSection
	GlobalSection(SolutionProperties) = preSolution
		HideSolutionNode = FALSE
	EndGlobalSection
	GlobalSection(ExtensibilityGlobals) = postSolution
		SolutionGuid = {EC858C61-4525-49E3-9A65-CE0FA4D559CB}
	EndGlobalSection
EndGlobal
