
Microsoft Visual Studio Solution File, Format Version 12.00
# Visual Studio Version 16
VisualStudioVersion = 16.0.29920.165
MinimumVisualStudioVersion = 10.0.40219.1
Project("{FAE04EC0-301F-11D3-BF4B-00C04F79EFBC}") = "Ejercicio_integrador", "Ejercicio_integrador\Ejercicio_integrador.csproj", "{1B493EBA-950F-4638-A801-2E5D22A1EB66}"
EndProject
Project("{FAE04EC0-301F-11D3-BF4B-00C04F79EFBC}") = "Entidades", "Entidades\Entidades.csproj", "{44BA38E0-DDBD-4A1F-9309-2D0299C72314}"
EndProject
Global
	GlobalSection(SolutionConfigurationPlatforms) = preSolution
		Debug|Any CPU = Debug|Any CPU
		Release|Any CPU = Release|Any CPU
	EndGlobalSection
	GlobalSection(ProjectConfigurationPlatforms) = postSolution
		{1B493EBA-950F-4638-A801-2E5D22A1EB66}.Debug|Any CPU.ActiveCfg = Debug|Any CPU
		{1B493EBA-950F-4638-A801-2E5D22A1EB66}.Debug|Any CPU.Build.0 = Debug|Any CPU
		{1B493EBA-950F-4638-A801-2E5D22A1EB66}.Release|Any CPU.ActiveCfg = Release|Any CPU
		{1B493EBA-950F-4638-A801-2E5D22A1EB66}.Release|Any CPU.Build.0 = Release|Any CPU
		{44BA38E0-DDBD-4A1F-9309-2D0299C72314}.Debug|Any CPU.ActiveCfg = Debug|Any CPU
		{44BA38E0-DDBD-4A1F-9309-2D0299C72314}.Debug|Any CPU.Build.0 = Debug|Any CPU
		{44BA38E0-DDBD-4A1F-9309-2D0299C72314}.Release|Any CPU.ActiveCfg = Release|Any CPU
		{44BA38E0-DDBD-4A1F-9309-2D0299C72314}.Release|Any CPU.Build.0 = Release|Any CPU
	EndGlobalSection
	GlobalSection(SolutionProperties) = preSolution
		HideSolutionNode = FALSE
	EndGlobalSection
	GlobalSection(ExtensibilityGlobals) = postSolution
		SolutionGuid = {257D20BD-1851-46A9-85D3-966A210703B8}
	EndGlobalSection
EndGlobal
