
Microsoft Visual Studio Solution File, Format Version 12.00
# Visual Studio Version 16
VisualStudioVersion = 16.0.30114.105
MinimumVisualStudioVersion = 10.0.40219.1
Project("{FAE04EC0-301F-11D3-BF4B-00C04F79EFBC}") = "CentralitaHerencia", "CentralitaHerencia\CentralitaHerencia.csproj", "{CC978A24-A5B0-438A-9FDA-78B981F13749}"
EndProject
Project("{FAE04EC0-301F-11D3-BF4B-00C04F79EFBC}") = "Interfaces", "Entidades_51\Interfaces.csproj", "{7C288C4B-9580-4A74-B7BA-839A58199C9E}"
EndProject
Project("{FAE04EC0-301F-11D3-BF4B-00C04F79EFBC}") = "Excepciones", "Excepciones\Excepciones.csproj", "{DABD2B60-6EC1-4AA9-9481-1F7A4599B42F}"
EndProject
Project("{FAE04EC0-301F-11D3-BF4B-00C04F79EFBC}") = "PruebaConsola", "PruebaConsola\PruebaConsola.csproj", "{65F98BD2-3029-4726-847C-8DF89602FD09}"
EndProject
Global
	GlobalSection(SolutionConfigurationPlatforms) = preSolution
		Debug|Any CPU = Debug|Any CPU
		Release|Any CPU = Release|Any CPU
	EndGlobalSection
	GlobalSection(ProjectConfigurationPlatforms) = postSolution
		{CC978A24-A5B0-438A-9FDA-78B981F13749}.Debug|Any CPU.ActiveCfg = Debug|Any CPU
		{CC978A24-A5B0-438A-9FDA-78B981F13749}.Debug|Any CPU.Build.0 = Debug|Any CPU
		{CC978A24-A5B0-438A-9FDA-78B981F13749}.Release|Any CPU.ActiveCfg = Release|Any CPU
		{CC978A24-A5B0-438A-9FDA-78B981F13749}.Release|Any CPU.Build.0 = Release|Any CPU
		{7C288C4B-9580-4A74-B7BA-839A58199C9E}.Debug|Any CPU.ActiveCfg = Debug|Any CPU
		{7C288C4B-9580-4A74-B7BA-839A58199C9E}.Debug|Any CPU.Build.0 = Debug|Any CPU
		{7C288C4B-9580-4A74-B7BA-839A58199C9E}.Release|Any CPU.ActiveCfg = Release|Any CPU
		{7C288C4B-9580-4A74-B7BA-839A58199C9E}.Release|Any CPU.Build.0 = Release|Any CPU
		{DABD2B60-6EC1-4AA9-9481-1F7A4599B42F}.Debug|Any CPU.ActiveCfg = Debug|Any CPU
		{DABD2B60-6EC1-4AA9-9481-1F7A4599B42F}.Debug|Any CPU.Build.0 = Debug|Any CPU
		{DABD2B60-6EC1-4AA9-9481-1F7A4599B42F}.Release|Any CPU.ActiveCfg = Release|Any CPU
		{DABD2B60-6EC1-4AA9-9481-1F7A4599B42F}.Release|Any CPU.Build.0 = Release|Any CPU
		{65F98BD2-3029-4726-847C-8DF89602FD09}.Debug|Any CPU.ActiveCfg = Debug|Any CPU
		{65F98BD2-3029-4726-847C-8DF89602FD09}.Debug|Any CPU.Build.0 = Debug|Any CPU
		{65F98BD2-3029-4726-847C-8DF89602FD09}.Release|Any CPU.ActiveCfg = Release|Any CPU
		{65F98BD2-3029-4726-847C-8DF89602FD09}.Release|Any CPU.Build.0 = Release|Any CPU
	EndGlobalSection
	GlobalSection(SolutionProperties) = preSolution
		HideSolutionNode = FALSE
	EndGlobalSection
	GlobalSection(ExtensibilityGlobals) = postSolution
		SolutionGuid = {55D84FAD-23B7-4C78-8569-4344F4043D56}
	EndGlobalSection
EndGlobal
