
Microsoft Visual Studio Solution File, Format Version 12.00
# Visual Studio Version 16
VisualStudioVersion = 16.0.30114.105
MinimumVisualStudioVersion = 10.0.40219.1
Project("{FAE04EC0-301F-11D3-BF4B-00C04F79EFBC}") = "Entidades", "Entidades\Entidades.csproj", "{6A6F887C-9802-44A8-A773-5659948E96B6}"
EndProject
Project("{FAE04EC0-301F-11D3-BF4B-00C04F79EFBC}") = "PruebaEnWinForms", "PruebaEnWinForms\PruebaEnWinForms.csproj", "{9DA0B868-FFF8-44B8-AC6E-1C3AB2338357}"
EndProject
Global
	GlobalSection(SolutionConfigurationPlatforms) = preSolution
		Debug|Any CPU = Debug|Any CPU
		Release|Any CPU = Release|Any CPU
	EndGlobalSection
	GlobalSection(ProjectConfigurationPlatforms) = postSolution
		{6A6F887C-9802-44A8-A773-5659948E96B6}.Debug|Any CPU.ActiveCfg = Debug|Any CPU
		{6A6F887C-9802-44A8-A773-5659948E96B6}.Debug|Any CPU.Build.0 = Debug|Any CPU
		{6A6F887C-9802-44A8-A773-5659948E96B6}.Release|Any CPU.ActiveCfg = Release|Any CPU
		{6A6F887C-9802-44A8-A773-5659948E96B6}.Release|Any CPU.Build.0 = Release|Any CPU
		{9DA0B868-FFF8-44B8-AC6E-1C3AB2338357}.Debug|Any CPU.ActiveCfg = Debug|Any CPU
		{9DA0B868-FFF8-44B8-AC6E-1C3AB2338357}.Debug|Any CPU.Build.0 = Debug|Any CPU
		{9DA0B868-FFF8-44B8-AC6E-1C3AB2338357}.Release|Any CPU.ActiveCfg = Release|Any CPU
		{9DA0B868-FFF8-44B8-AC6E-1C3AB2338357}.Release|Any CPU.Build.0 = Release|Any CPU
	EndGlobalSection
	GlobalSection(SolutionProperties) = preSolution
		HideSolutionNode = FALSE
	EndGlobalSection
	GlobalSection(ExtensibilityGlobals) = postSolution
		SolutionGuid = {B8524EAE-1664-4DA7-97BA-2FF72A0CE96B}
	EndGlobalSection
EndGlobal
