
Microsoft Visual Studio Solution File, Format Version 12.00
# Visual Studio Version 16
VisualStudioVersion = 16.0.29920.165
MinimumVisualStudioVersion = 10.0.40219.1
Project("{FAE04EC0-301F-11D3-BF4B-00C04F79EFBC}") = "HelloWorld", "HelloWorld\HelloWorld.csproj", "{D6F48080-F929-433F-AEF9-11121CF3F646}"
EndProject
Project("{FAE04EC0-301F-11D3-BF4B-00C04F79EFBC}") = "Biblioteca", "Biblioteca\Biblioteca.csproj", "{73A775B2-02EE-4149-A31E-D800C0CCA3C9}"
EndProject
Global
	GlobalSection(SolutionConfigurationPlatforms) = preSolution
		Debug|Any CPU = Debug|Any CPU
		Release|Any CPU = Release|Any CPU
	EndGlobalSection
	GlobalSection(ProjectConfigurationPlatforms) = postSolution
		{D6F48080-F929-433F-AEF9-11121CF3F646}.Debug|Any CPU.ActiveCfg = Debug|Any CPU
		{D6F48080-F929-433F-AEF9-11121CF3F646}.Debug|Any CPU.Build.0 = Debug|Any CPU
		{D6F48080-F929-433F-AEF9-11121CF3F646}.Release|Any CPU.ActiveCfg = Release|Any CPU
		{D6F48080-F929-433F-AEF9-11121CF3F646}.Release|Any CPU.Build.0 = Release|Any CPU
		{73A775B2-02EE-4149-A31E-D800C0CCA3C9}.Debug|Any CPU.ActiveCfg = Debug|Any CPU
		{73A775B2-02EE-4149-A31E-D800C0CCA3C9}.Debug|Any CPU.Build.0 = Debug|Any CPU
		{73A775B2-02EE-4149-A31E-D800C0CCA3C9}.Release|Any CPU.ActiveCfg = Release|Any CPU
		{73A775B2-02EE-4149-A31E-D800C0CCA3C9}.Release|Any CPU.Build.0 = Release|Any CPU
	EndGlobalSection
	GlobalSection(SolutionProperties) = preSolution
		HideSolutionNode = FALSE
	EndGlobalSection
	GlobalSection(ExtensibilityGlobals) = postSolution
		SolutionGuid = {6030E6DF-76E9-4B21-9778-B346849E680B}
	EndGlobalSection
EndGlobal
