
Microsoft Visual Studio Solution File, Format Version 12.00
# Visual Studio Version 16
VisualStudioVersion = 16.0.30002.166
MinimumVisualStudioVersion = 10.0.40219.1
Project("{FAE04EC0-301F-11D3-BF4B-00C04F79EFBC}") = "Ejercicio_31", "Ejercicio_31\Ejercicio_31.csproj", "{6C9251F4-3693-48C7-A864-4EAF402282B1}"
EndProject
Project("{FAE04EC0-301F-11D3-BF4B-00C04F79EFBC}") = "Entidades", "Entidades\Entidades.csproj", "{FA0A80CB-21C9-4D5F-BF9A-2EB65594B7F9}"
EndProject
Global
	GlobalSection(SolutionConfigurationPlatforms) = preSolution
		Debug|Any CPU = Debug|Any CPU
		Release|Any CPU = Release|Any CPU
	EndGlobalSection
	GlobalSection(ProjectConfigurationPlatforms) = postSolution
		{6C9251F4-3693-48C7-A864-4EAF402282B1}.Debug|Any CPU.ActiveCfg = Debug|Any CPU
		{6C9251F4-3693-48C7-A864-4EAF402282B1}.Debug|Any CPU.Build.0 = Debug|Any CPU
		{6C9251F4-3693-48C7-A864-4EAF402282B1}.Release|Any CPU.ActiveCfg = Release|Any CPU
		{6C9251F4-3693-48C7-A864-4EAF402282B1}.Release|Any CPU.Build.0 = Release|Any CPU
		{FA0A80CB-21C9-4D5F-BF9A-2EB65594B7F9}.Debug|Any CPU.ActiveCfg = Debug|Any CPU
		{FA0A80CB-21C9-4D5F-BF9A-2EB65594B7F9}.Debug|Any CPU.Build.0 = Debug|Any CPU
		{FA0A80CB-21C9-4D5F-BF9A-2EB65594B7F9}.Release|Any CPU.ActiveCfg = Release|Any CPU
		{FA0A80CB-21C9-4D5F-BF9A-2EB65594B7F9}.Release|Any CPU.Build.0 = Release|Any CPU
	EndGlobalSection
	GlobalSection(SolutionProperties) = preSolution
		HideSolutionNode = FALSE
	EndGlobalSection
	GlobalSection(ExtensibilityGlobals) = postSolution
		SolutionGuid = {5AE87DC3-7CFA-4BFF-A428-6288D4F894F2}
	EndGlobalSection
EndGlobal
