
Microsoft Visual Studio Solution File, Format Version 12.00
# Visual Studio Version 16
VisualStudioVersion = 16.0.30204.135
MinimumVisualStudioVersion = 10.0.40219.1
Project("{FAE04EC0-301F-11D3-BF4B-00C04F79EFBC}") = "Entidades", "Entidades\Entidades.csproj", "{F011BDE1-72BD-4747-8CB4-B579AB273D9E}"
EndProject
Project("{FAE04EC0-301F-11D3-BF4B-00C04F79EFBC}") = "PruebaEnConsola", "PruebaEnConsola\PruebaEnConsola.csproj", "{B8BE081A-9FB6-4831-9876-4C4B13F766B7}"
EndProject
Global
	GlobalSection(SolutionConfigurationPlatforms) = preSolution
		Debug|Any CPU = Debug|Any CPU
		Release|Any CPU = Release|Any CPU
	EndGlobalSection
	GlobalSection(ProjectConfigurationPlatforms) = postSolution
		{F011BDE1-72BD-4747-8CB4-B579AB273D9E}.Debug|Any CPU.ActiveCfg = Debug|Any CPU
		{F011BDE1-72BD-4747-8CB4-B579AB273D9E}.Debug|Any CPU.Build.0 = Debug|Any CPU
		{F011BDE1-72BD-4747-8CB4-B579AB273D9E}.Release|Any CPU.ActiveCfg = Release|Any CPU
		{F011BDE1-72BD-4747-8CB4-B579AB273D9E}.Release|Any CPU.Build.0 = Release|Any CPU
		{B8BE081A-9FB6-4831-9876-4C4B13F766B7}.Debug|Any CPU.ActiveCfg = Debug|Any CPU
		{B8BE081A-9FB6-4831-9876-4C4B13F766B7}.Debug|Any CPU.Build.0 = Debug|Any CPU
		{B8BE081A-9FB6-4831-9876-4C4B13F766B7}.Release|Any CPU.ActiveCfg = Release|Any CPU
		{B8BE081A-9FB6-4831-9876-4C4B13F766B7}.Release|Any CPU.Build.0 = Release|Any CPU
	EndGlobalSection
	GlobalSection(SolutionProperties) = preSolution
		HideSolutionNode = FALSE
	EndGlobalSection
	GlobalSection(ExtensibilityGlobals) = postSolution
		SolutionGuid = {3C07F529-5473-4A10-B416-9EA0490F92E0}
	EndGlobalSection
EndGlobal
