
Microsoft Visual Studio Solution File, Format Version 12.00
# Visual Studio Version 16
VisualStudioVersion = 16.0.30104.148
MinimumVisualStudioVersion = 10.0.40219.1
Project("{FAE04EC0-301F-11D3-BF4B-00C04F79EFBC}") = "Entidades", "Entidades\Entidades.csproj", "{FB361919-2801-4A36-8863-6D5D78A5F85D}"
EndProject
Project("{FAE04EC0-301F-11D3-BF4B-00C04F79EFBC}") = "PruebaEnConsola", "PruebaEnConsola\PruebaEnConsola.csproj", "{65F44CC4-A39B-4D34-9BC3-51B81BD3B4BD}"
EndProject
Global
	GlobalSection(SolutionConfigurationPlatforms) = preSolution
		Debug|Any CPU = Debug|Any CPU
		Release|Any CPU = Release|Any CPU
	EndGlobalSection
	GlobalSection(ProjectConfigurationPlatforms) = postSolution
		{FB361919-2801-4A36-8863-6D5D78A5F85D}.Debug|Any CPU.ActiveCfg = Debug|Any CPU
		{FB361919-2801-4A36-8863-6D5D78A5F85D}.Debug|Any CPU.Build.0 = Debug|Any CPU
		{FB361919-2801-4A36-8863-6D5D78A5F85D}.Release|Any CPU.ActiveCfg = Release|Any CPU
		{FB361919-2801-4A36-8863-6D5D78A5F85D}.Release|Any CPU.Build.0 = Release|Any CPU
		{65F44CC4-A39B-4D34-9BC3-51B81BD3B4BD}.Debug|Any CPU.ActiveCfg = Debug|Any CPU
		{65F44CC4-A39B-4D34-9BC3-51B81BD3B4BD}.Debug|Any CPU.Build.0 = Debug|Any CPU
		{65F44CC4-A39B-4D34-9BC3-51B81BD3B4BD}.Release|Any CPU.ActiveCfg = Release|Any CPU
		{65F44CC4-A39B-4D34-9BC3-51B81BD3B4BD}.Release|Any CPU.Build.0 = Release|Any CPU
	EndGlobalSection
	GlobalSection(SolutionProperties) = preSolution
		HideSolutionNode = FALSE
	EndGlobalSection
	GlobalSection(ExtensibilityGlobals) = postSolution
		SolutionGuid = {5499B60A-BAEC-473E-B43D-30DE170ECC10}
	EndGlobalSection
EndGlobal
