
Microsoft Visual Studio Solution File, Format Version 12.00
# Visual Studio Version 16
VisualStudioVersion = 16.0.30002.166
MinimumVisualStudioVersion = 10.0.40219.1
Project("{FAE04EC0-301F-11D3-BF4B-00C04F79EFBC}") = "Ejercicio_34", "Ejercicio_34\Ejercicio_34.csproj", "{22ADCF10-9F28-409C-A138-D7E2D1DC1AA1}"
EndProject
Project("{FAE04EC0-301F-11D3-BF4B-00C04F79EFBC}") = "Entidades", "Entidades\Entidades.csproj", "{DE3EC4B7-FC4E-4CC1-8E95-26C2BA8CC40A}"
EndProject
Global
	GlobalSection(SolutionConfigurationPlatforms) = preSolution
		Debug|Any CPU = Debug|Any CPU
		Release|Any CPU = Release|Any CPU
	EndGlobalSection
	GlobalSection(ProjectConfigurationPlatforms) = postSolution
		{22ADCF10-9F28-409C-A138-D7E2D1DC1AA1}.Debug|Any CPU.ActiveCfg = Debug|Any CPU
		{22ADCF10-9F28-409C-A138-D7E2D1DC1AA1}.Debug|Any CPU.Build.0 = Debug|Any CPU
		{22ADCF10-9F28-409C-A138-D7E2D1DC1AA1}.Release|Any CPU.ActiveCfg = Release|Any CPU
		{22ADCF10-9F28-409C-A138-D7E2D1DC1AA1}.Release|Any CPU.Build.0 = Release|Any CPU
		{DE3EC4B7-FC4E-4CC1-8E95-26C2BA8CC40A}.Debug|Any CPU.ActiveCfg = Debug|Any CPU
		{DE3EC4B7-FC4E-4CC1-8E95-26C2BA8CC40A}.Debug|Any CPU.Build.0 = Debug|Any CPU
		{DE3EC4B7-FC4E-4CC1-8E95-26C2BA8CC40A}.Release|Any CPU.ActiveCfg = Release|Any CPU
		{DE3EC4B7-FC4E-4CC1-8E95-26C2BA8CC40A}.Release|Any CPU.Build.0 = Release|Any CPU
	EndGlobalSection
	GlobalSection(SolutionProperties) = preSolution
		HideSolutionNode = FALSE
	EndGlobalSection
	GlobalSection(ExtensibilityGlobals) = postSolution
		SolutionGuid = {70FBA295-2432-48A2-82E4-94477F869AE7}
	EndGlobalSection
EndGlobal
