
Microsoft Visual Studio Solution File, Format Version 12.00
# Visual Studio Version 16
VisualStudioVersion = 16.0.30114.105
MinimumVisualStudioVersion = 10.0.40219.1
Project("{FAE04EC0-301F-11D3-BF4B-00C04F79EFBC}") = "Entidades", "Entidades\Entidades.csproj", "{2DA9173A-0E87-4494-9B20-15BDD2F453F1}"
EndProject
Project("{FAE04EC0-301F-11D3-BF4B-00C04F79EFBC}") = "PruebaEnConsola", "PruebaEnConsola\PruebaEnConsola.csproj", "{FE6A7A04-3FD1-4369-9F74-6CB4CC80B909}"
EndProject
Global
	GlobalSection(SolutionConfigurationPlatforms) = preSolution
		Debug|Any CPU = Debug|Any CPU
		Release|Any CPU = Release|Any CPU
	EndGlobalSection
	GlobalSection(ProjectConfigurationPlatforms) = postSolution
		{2DA9173A-0E87-4494-9B20-15BDD2F453F1}.Debug|Any CPU.ActiveCfg = Debug|Any CPU
		{2DA9173A-0E87-4494-9B20-15BDD2F453F1}.Debug|Any CPU.Build.0 = Debug|Any CPU
		{2DA9173A-0E87-4494-9B20-15BDD2F453F1}.Release|Any CPU.ActiveCfg = Release|Any CPU
		{2DA9173A-0E87-4494-9B20-15BDD2F453F1}.Release|Any CPU.Build.0 = Release|Any CPU
		{FE6A7A04-3FD1-4369-9F74-6CB4CC80B909}.Debug|Any CPU.ActiveCfg = Debug|Any CPU
		{FE6A7A04-3FD1-4369-9F74-6CB4CC80B909}.Debug|Any CPU.Build.0 = Debug|Any CPU
		{FE6A7A04-3FD1-4369-9F74-6CB4CC80B909}.Release|Any CPU.ActiveCfg = Release|Any CPU
		{FE6A7A04-3FD1-4369-9F74-6CB4CC80B909}.Release|Any CPU.Build.0 = Release|Any CPU
	EndGlobalSection
	GlobalSection(SolutionProperties) = preSolution
		HideSolutionNode = FALSE
	EndGlobalSection
	GlobalSection(ExtensibilityGlobals) = postSolution
		SolutionGuid = {2B20B5E2-D9E6-40A4-838D-DAAE4C5C203D}
	EndGlobalSection
EndGlobal
