
Microsoft Visual Studio Solution File, Format Version 12.00
# Visual Studio Version 16
VisualStudioVersion = 16.0.30002.166
MinimumVisualStudioVersion = 10.0.40219.1
Project("{FAE04EC0-301F-11D3-BF4B-00C04F79EFBC}") = "Ejercicio_37", "Ejercicio_37\Ejercicio_37.csproj", "{5BF08A99-F23B-40E9-9F03-44F1E0CE9809}"
EndProject
Project("{FAE04EC0-301F-11D3-BF4B-00C04F79EFBC}") = "CentralitaHerencia", "CentralitaHerencia\CentralitaHerencia.csproj", "{CC978A24-A5B0-438A-9FDA-78B981F13749}"
EndProject
Global
	GlobalSection(SolutionConfigurationPlatforms) = preSolution
		Debug|Any CPU = Debug|Any CPU
		Release|Any CPU = Release|Any CPU
	EndGlobalSection
	GlobalSection(ProjectConfigurationPlatforms) = postSolution
		{5BF08A99-F23B-40E9-9F03-44F1E0CE9809}.Debug|Any CPU.ActiveCfg = Debug|Any CPU
		{5BF08A99-F23B-40E9-9F03-44F1E0CE9809}.Debug|Any CPU.Build.0 = Debug|Any CPU
		{5BF08A99-F23B-40E9-9F03-44F1E0CE9809}.Release|Any CPU.ActiveCfg = Release|Any CPU
		{5BF08A99-F23B-40E9-9F03-44F1E0CE9809}.Release|Any CPU.Build.0 = Release|Any CPU
		{CC978A24-A5B0-438A-9FDA-78B981F13749}.Debug|Any CPU.ActiveCfg = Debug|Any CPU
		{CC978A24-A5B0-438A-9FDA-78B981F13749}.Debug|Any CPU.Build.0 = Debug|Any CPU
		{CC978A24-A5B0-438A-9FDA-78B981F13749}.Release|Any CPU.ActiveCfg = Release|Any CPU
		{CC978A24-A5B0-438A-9FDA-78B981F13749}.Release|Any CPU.Build.0 = Release|Any CPU
	EndGlobalSection
	GlobalSection(SolutionProperties) = preSolution
		HideSolutionNode = FALSE
	EndGlobalSection
	GlobalSection(ExtensibilityGlobals) = postSolution
		SolutionGuid = {EE1592B9-BBF6-4CDF-82FC-8C9B03A70E74}
	EndGlobalSection
EndGlobal
