
Microsoft Visual Studio Solution File, Format Version 12.00
# Visual Studio Version 16
VisualStudioVersion = 16.0.30114.105
MinimumVisualStudioVersion = 10.0.40219.1
Project("{FAE04EC0-301F-11D3-BF4B-00C04F79EFBC}") = "PruebaEnConsola", "PruebaEnConsola\PruebaEnConsola.csproj", "{86C27995-BA8C-4907-A08C-930721167F85}"
EndProject
Global
	GlobalSection(SolutionConfigurationPlatforms) = preSolution
		Debug|Any CPU = Debug|Any CPU
		Release|Any CPU = Release|Any CPU
	EndGlobalSection
	GlobalSection(ProjectConfigurationPlatforms) = postSolution
		{86C27995-BA8C-4907-A08C-930721167F85}.Debug|Any CPU.ActiveCfg = Debug|Any CPU
		{86C27995-BA8C-4907-A08C-930721167F85}.Debug|Any CPU.Build.0 = Debug|Any CPU
		{86C27995-BA8C-4907-A08C-930721167F85}.Release|Any CPU.ActiveCfg = Release|Any CPU
		{86C27995-BA8C-4907-A08C-930721167F85}.Release|Any CPU.Build.0 = Release|Any CPU
	EndGlobalSection
	GlobalSection(SolutionProperties) = preSolution
		HideSolutionNode = FALSE
	EndGlobalSection
	GlobalSection(ExtensibilityGlobals) = postSolution
		SolutionGuid = {821A189D-252D-469A-AB84-189A432DB103}
	EndGlobalSection
EndGlobal
