
Microsoft Visual Studio Solution File, Format Version 12.00
# Visual Studio Version 16
VisualStudioVersion = 16.0.29920.165
MinimumVisualStudioVersion = 10.0.40219.1
Project("{FAE04EC0-301F-11D3-BF4B-00C04F79EFBC}") = "Ejercicio_11", "Ejercicio_11\Ejercicio_11.csproj", "{59CD742C-8414-4B58-BECC-2300EF258A9F}"
EndProject
Project("{FAE04EC0-301F-11D3-BF4B-00C04F79EFBC}") = "Ejercicio_12", "Ejercicio_12\Ejercicio_12.csproj", "{E3A4A2FD-3FDB-45F1-A5CC-398633E05B67}"
EndProject
Project("{FAE04EC0-301F-11D3-BF4B-00C04F79EFBC}") = "Ejercicio_13", "Ejercicio_13\Ejercicio_13.csproj", "{2DB69D02-5D4B-46F3-BE4F-590B0511ED49}"
EndProject
Project("{FAE04EC0-301F-11D3-BF4B-00C04F79EFBC}") = "Ejercicio_14", "Ejercicio_14\Ejercicio_14.csproj", "{CF7ACA5D-4235-47F2-AA74-AD26F32D9CDF}"
EndProject
Global
	GlobalSection(SolutionConfigurationPlatforms) = preSolution
		Debug|Any CPU = Debug|Any CPU
		Release|Any CPU = Release|Any CPU
	EndGlobalSection
	GlobalSection(ProjectConfigurationPlatforms) = postSolution
		{59CD742C-8414-4B58-BECC-2300EF258A9F}.Debug|Any CPU.ActiveCfg = Debug|Any CPU
		{59CD742C-8414-4B58-BECC-2300EF258A9F}.Debug|Any CPU.Build.0 = Debug|Any CPU
		{59CD742C-8414-4B58-BECC-2300EF258A9F}.Release|Any CPU.ActiveCfg = Release|Any CPU
		{59CD742C-8414-4B58-BECC-2300EF258A9F}.Release|Any CPU.Build.0 = Release|Any CPU
		{E3A4A2FD-3FDB-45F1-A5CC-398633E05B67}.Debug|Any CPU.ActiveCfg = Debug|Any CPU
		{E3A4A2FD-3FDB-45F1-A5CC-398633E05B67}.Debug|Any CPU.Build.0 = Debug|Any CPU
		{E3A4A2FD-3FDB-45F1-A5CC-398633E05B67}.Release|Any CPU.ActiveCfg = Release|Any CPU
		{E3A4A2FD-3FDB-45F1-A5CC-398633E05B67}.Release|Any CPU.Build.0 = Release|Any CPU
		{2DB69D02-5D4B-46F3-BE4F-590B0511ED49}.Debug|Any CPU.ActiveCfg = Debug|Any CPU
		{2DB69D02-5D4B-46F3-BE4F-590B0511ED49}.Debug|Any CPU.Build.0 = Debug|Any CPU
		{2DB69D02-5D4B-46F3-BE4F-590B0511ED49}.Release|Any CPU.ActiveCfg = Release|Any CPU
		{2DB69D02-5D4B-46F3-BE4F-590B0511ED49}.Release|Any CPU.Build.0 = Release|Any CPU
		{CF7ACA5D-4235-47F2-AA74-AD26F32D9CDF}.Debug|Any CPU.ActiveCfg = Debug|Any CPU
		{CF7ACA5D-4235-47F2-AA74-AD26F32D9CDF}.Debug|Any CPU.Build.0 = Debug|Any CPU
		{CF7ACA5D-4235-47F2-AA74-AD26F32D9CDF}.Release|Any CPU.ActiveCfg = Release|Any CPU
		{CF7ACA5D-4235-47F2-AA74-AD26F32D9CDF}.Release|Any CPU.Build.0 = Release|Any CPU
	EndGlobalSection
	GlobalSection(SolutionProperties) = preSolution
		HideSolutionNode = FALSE
	EndGlobalSection
	GlobalSection(ExtensibilityGlobals) = postSolution
		SolutionGuid = {2B3A800E-4EA4-45F0-9EDD-77A68BFC943D}
	EndGlobalSection
EndGlobal
