
Microsoft Visual Studio Solution File, Format Version 12.00
# Visual Studio Version 16
VisualStudioVersion = 16.0.30114.105
MinimumVisualStudioVersion = 10.0.40219.1
Project("{FAE04EC0-301F-11D3-BF4B-00C04F79EFBC}") = "Entidades", "Entidades\Entidades.csproj", "{698067B5-BF9C-4C16-8E87-91AF258F8BE6}"
EndProject
Project("{FAE04EC0-301F-11D3-BF4B-00C04F79EFBC}") = "MyInterfaces", "MyInterfaces\MyInterfaces.csproj", "{7B4B0FEB-72F8-41EC-A702-D228028C0336}"
EndProject
Project("{FAE04EC0-301F-11D3-BF4B-00C04F79EFBC}") = "PruebaEnConsola", "PruebaEnConsola\PruebaEnConsola.csproj", "{03FD36C5-EE70-4C77-9A67-4A31EFF0AD1A}"
EndProject
Global
	GlobalSection(SolutionConfigurationPlatforms) = preSolution
		Debug|Any CPU = Debug|Any CPU
		Release|Any CPU = Release|Any CPU
	EndGlobalSection
	GlobalSection(ProjectConfigurationPlatforms) = postSolution
		{698067B5-BF9C-4C16-8E87-91AF258F8BE6}.Debug|Any CPU.ActiveCfg = Debug|Any CPU
		{698067B5-BF9C-4C16-8E87-91AF258F8BE6}.Debug|Any CPU.Build.0 = Debug|Any CPU
		{698067B5-BF9C-4C16-8E87-91AF258F8BE6}.Release|Any CPU.ActiveCfg = Release|Any CPU
		{698067B5-BF9C-4C16-8E87-91AF258F8BE6}.Release|Any CPU.Build.0 = Release|Any CPU
		{7B4B0FEB-72F8-41EC-A702-D228028C0336}.Debug|Any CPU.ActiveCfg = Debug|Any CPU
		{7B4B0FEB-72F8-41EC-A702-D228028C0336}.Debug|Any CPU.Build.0 = Debug|Any CPU
		{7B4B0FEB-72F8-41EC-A702-D228028C0336}.Release|Any CPU.ActiveCfg = Release|Any CPU
		{7B4B0FEB-72F8-41EC-A702-D228028C0336}.Release|Any CPU.Build.0 = Release|Any CPU
		{03FD36C5-EE70-4C77-9A67-4A31EFF0AD1A}.Debug|Any CPU.ActiveCfg = Debug|Any CPU
		{03FD36C5-EE70-4C77-9A67-4A31EFF0AD1A}.Debug|Any CPU.Build.0 = Debug|Any CPU
		{03FD36C5-EE70-4C77-9A67-4A31EFF0AD1A}.Release|Any CPU.ActiveCfg = Release|Any CPU
		{03FD36C5-EE70-4C77-9A67-4A31EFF0AD1A}.Release|Any CPU.Build.0 = Release|Any CPU
	EndGlobalSection
	GlobalSection(SolutionProperties) = preSolution
		HideSolutionNode = FALSE
	EndGlobalSection
	GlobalSection(ExtensibilityGlobals) = postSolution
		SolutionGuid = {AB205DC9-4B5F-4AA9-8419-58ADB3266CA6}
	EndGlobalSection
EndGlobal
