
Microsoft Visual Studio Solution File, Format Version 12.00
# Visual Studio Version 16
VisualStudioVersion = 16.0.29920.165
MinimumVisualStudioVersion = 10.0.40219.1
Project("{FAE04EC0-301F-11D3-BF4B-00C04F79EFBC}") = "Ejercicio_19", "Ejercicio_19\Ejercicio_19.csproj", "{DD818291-5AB7-4EB8-B1C2-8CA69BFC3460}"
EndProject
Global
	GlobalSection(SolutionConfigurationPlatforms) = preSolution
		Debug|Any CPU = Debug|Any CPU
		Release|Any CPU = Release|Any CPU
	EndGlobalSection
	GlobalSection(ProjectConfigurationPlatforms) = postSolution
		{DD818291-5AB7-4EB8-B1C2-8CA69BFC3460}.Debug|Any CPU.ActiveCfg = Debug|Any CPU
		{DD818291-5AB7-4EB8-B1C2-8CA69BFC3460}.Debug|Any CPU.Build.0 = Debug|Any CPU
		{DD818291-5AB7-4EB8-B1C2-8CA69BFC3460}.Release|Any CPU.ActiveCfg = Release|Any CPU
		{DD818291-5AB7-4EB8-B1C2-8CA69BFC3460}.Release|Any CPU.Build.0 = Release|Any CPU
	EndGlobalSection
	GlobalSection(SolutionProperties) = preSolution
		HideSolutionNode = FALSE
	EndGlobalSection
	GlobalSection(ExtensibilityGlobals) = postSolution
		SolutionGuid = {FE811290-E2FD-457D-970D-9C0F257FE1EA}
	EndGlobalSection
EndGlobal
