
Microsoft Visual Studio Solution File, Format Version 12.00
# Visual Studio Version 16
VisualStudioVersion = 16.0.30204.135
MinimumVisualStudioVersion = 10.0.40219.1
Project("{FAE04EC0-301F-11D3-BF4B-00C04F79EFBC}") = "Entidades", "Entidades\Entidades.csproj", "{0B5B58FE-009D-4006-B372-0724C4147892}"
EndProject
Project("{FAE04EC0-301F-11D3-BF4B-00C04F79EFBC}") = "PruebaEnConsola", "PruebaEnConsola\PruebaEnConsola.csproj", "{C43CC398-C1CB-41E2-9AFC-9FFB370C2FE8}"
EndProject
Global
	GlobalSection(SolutionConfigurationPlatforms) = preSolution
		Debug|Any CPU = Debug|Any CPU
		Release|Any CPU = Release|Any CPU
	EndGlobalSection
	GlobalSection(ProjectConfigurationPlatforms) = postSolution
		{0B5B58FE-009D-4006-B372-0724C4147892}.Debug|Any CPU.ActiveCfg = Debug|Any CPU
		{0B5B58FE-009D-4006-B372-0724C4147892}.Debug|Any CPU.Build.0 = Debug|Any CPU
		{0B5B58FE-009D-4006-B372-0724C4147892}.Release|Any CPU.ActiveCfg = Release|Any CPU
		{0B5B58FE-009D-4006-B372-0724C4147892}.Release|Any CPU.Build.0 = Release|Any CPU
		{C43CC398-C1CB-41E2-9AFC-9FFB370C2FE8}.Debug|Any CPU.ActiveCfg = Debug|Any CPU
		{C43CC398-C1CB-41E2-9AFC-9FFB370C2FE8}.Debug|Any CPU.Build.0 = Debug|Any CPU
		{C43CC398-C1CB-41E2-9AFC-9FFB370C2FE8}.Release|Any CPU.ActiveCfg = Release|Any CPU
		{C43CC398-C1CB-41E2-9AFC-9FFB370C2FE8}.Release|Any CPU.Build.0 = Release|Any CPU
	EndGlobalSection
	GlobalSection(SolutionProperties) = preSolution
		HideSolutionNode = FALSE
	EndGlobalSection
	GlobalSection(ExtensibilityGlobals) = postSolution
		SolutionGuid = {BD307ACE-D501-44E2-8EA7-5D6AF5C73104}
	EndGlobalSection
EndGlobal
