
Microsoft Visual Studio Solution File, Format Version 12.00
# Visual Studio Version 16
VisualStudioVersion = 16.0.30002.166
MinimumVisualStudioVersion = 10.0.40219.1
Project("{FAE04EC0-301F-11D3-BF4B-00C04F79EFBC}") = "Ejercicio_36", "Ejercicio_36\Ejercicio_36.csproj", "{0A720213-DB2C-4940-A3EE-8DD771CC537C}"
EndProject
Project("{FAE04EC0-301F-11D3-BF4B-00C04F79EFBC}") = "Entidades", "Entidades\Entidades.csproj", "{485CEDBC-E473-475A-A358-CF33A34038AF}"
EndProject
Global
	GlobalSection(SolutionConfigurationPlatforms) = preSolution
		Debug|Any CPU = Debug|Any CPU
		Release|Any CPU = Release|Any CPU
	EndGlobalSection
	GlobalSection(ProjectConfigurationPlatforms) = postSolution
		{0A720213-DB2C-4940-A3EE-8DD771CC537C}.Debug|Any CPU.ActiveCfg = Debug|Any CPU
		{0A720213-DB2C-4940-A3EE-8DD771CC537C}.Debug|Any CPU.Build.0 = Debug|Any CPU
		{0A720213-DB2C-4940-A3EE-8DD771CC537C}.Release|Any CPU.ActiveCfg = Release|Any CPU
		{0A720213-DB2C-4940-A3EE-8DD771CC537C}.Release|Any CPU.Build.0 = Release|Any CPU
		{485CEDBC-E473-475A-A358-CF33A34038AF}.Debug|Any CPU.ActiveCfg = Debug|Any CPU
		{485CEDBC-E473-475A-A358-CF33A34038AF}.Debug|Any CPU.Build.0 = Debug|Any CPU
		{485CEDBC-E473-475A-A358-CF33A34038AF}.Release|Any CPU.ActiveCfg = Release|Any CPU
		{485CEDBC-E473-475A-A358-CF33A34038AF}.Release|Any CPU.Build.0 = Release|Any CPU
	EndGlobalSection
	GlobalSection(SolutionProperties) = preSolution
		HideSolutionNode = FALSE
	EndGlobalSection
	GlobalSection(ExtensibilityGlobals) = postSolution
		SolutionGuid = {1D36618B-5C4D-4EFD-8EB3-9C569D16E2BD}
	EndGlobalSection
EndGlobal
