
Microsoft Visual Studio Solution File, Format Version 12.00
# Visual Studio Version 16
VisualStudioVersion = 16.0.29920.165
MinimumVisualStudioVersion = 10.0.40219.1
Project("{FAE04EC0-301F-11D3-BF4B-00C04F79EFBC}") = "Ejemplo_01", "Ejemplo_01\Ejemplo_01.csproj", "{1FB78D36-E548-4E4F-BB58-F96B9648E0BE}"
EndProject
Global
	GlobalSection(SolutionConfigurationPlatforms) = preSolution
		Debug|Any CPU = Debug|Any CPU
		Release|Any CPU = Release|Any CPU
	EndGlobalSection
	GlobalSection(ProjectConfigurationPlatforms) = postSolution
		{1FB78D36-E548-4E4F-BB58-F96B9648E0BE}.Debug|Any CPU.ActiveCfg = Debug|Any CPU
		{1FB78D36-E548-4E4F-BB58-F96B9648E0BE}.Debug|Any CPU.Build.0 = Debug|Any CPU
		{1FB78D36-E548-4E4F-BB58-F96B9648E0BE}.Release|Any CPU.ActiveCfg = Release|Any CPU
		{1FB78D36-E548-4E4F-BB58-F96B9648E0BE}.Release|Any CPU.Build.0 = Release|Any CPU
	EndGlobalSection
	GlobalSection(SolutionProperties) = preSolution
		HideSolutionNode = FALSE
	EndGlobalSection
	GlobalSection(ExtensibilityGlobals) = postSolution
		SolutionGuid = {C86A358D-4335-4A31-9A35-A3CDC9161589}
	EndGlobalSection
EndGlobal
