
Microsoft Visual Studio Solution File, Format Version 12.00
# Visual Studio Version 16
VisualStudioVersion = 16.0.30114.105
MinimumVisualStudioVersion = 10.0.40219.1
Project("{FAE04EC0-301F-11D3-BF4B-00C04F79EFBC}") = "IO", "IO\IO.csproj", "{B92189CE-40D6-44EF-A5FB-BD3320566B69}"
EndProject
Project("{FAE04EC0-301F-11D3-BF4B-00C04F79EFBC}") = "Entidades", "Entidades\Entidades.csproj", "{3A8660C2-D654-4F38-935E-07F7448775A8}"
EndProject
Project("{FAE04EC0-301F-11D3-BF4B-00C04F79EFBC}") = "PruebaEnConsola", "PruebaEnConsola\PruebaEnConsola.csproj", "{59B6F3A2-ED0A-426D-9E65-F6656B188BAC}"
EndProject
Global
	GlobalSection(SolutionConfigurationPlatforms) = preSolution
		Debug|Any CPU = Debug|Any CPU
		Release|Any CPU = Release|Any CPU
	EndGlobalSection
	GlobalSection(ProjectConfigurationPlatforms) = postSolution
		{B92189CE-40D6-44EF-A5FB-BD3320566B69}.Debug|Any CPU.ActiveCfg = Debug|Any CPU
		{B92189CE-40D6-44EF-A5FB-BD3320566B69}.Debug|Any CPU.Build.0 = Debug|Any CPU
		{B92189CE-40D6-44EF-A5FB-BD3320566B69}.Release|Any CPU.ActiveCfg = Release|Any CPU
		{B92189CE-40D6-44EF-A5FB-BD3320566B69}.Release|Any CPU.Build.0 = Release|Any CPU
		{3A8660C2-D654-4F38-935E-07F7448775A8}.Debug|Any CPU.ActiveCfg = Debug|Any CPU
		{3A8660C2-D654-4F38-935E-07F7448775A8}.Debug|Any CPU.Build.0 = Debug|Any CPU
		{3A8660C2-D654-4F38-935E-07F7448775A8}.Release|Any CPU.ActiveCfg = Release|Any CPU
		{3A8660C2-D654-4F38-935E-07F7448775A8}.Release|Any CPU.Build.0 = Release|Any CPU
		{59B6F3A2-ED0A-426D-9E65-F6656B188BAC}.Debug|Any CPU.ActiveCfg = Debug|Any CPU
		{59B6F3A2-ED0A-426D-9E65-F6656B188BAC}.Debug|Any CPU.Build.0 = Debug|Any CPU
		{59B6F3A2-ED0A-426D-9E65-F6656B188BAC}.Release|Any CPU.ActiveCfg = Release|Any CPU
		{59B6F3A2-ED0A-426D-9E65-F6656B188BAC}.Release|Any CPU.Build.0 = Release|Any CPU
	EndGlobalSection
	GlobalSection(SolutionProperties) = preSolution
		HideSolutionNode = FALSE
	EndGlobalSection
	GlobalSection(ExtensibilityGlobals) = postSolution
		SolutionGuid = {D3AE9CAE-4B32-48D6-964A-073526E532C3}
	EndGlobalSection
EndGlobal
