
Microsoft Visual Studio Solution File, Format Version 12.00
# Visual Studio Version 16
VisualStudioVersion = 16.0.30114.105
MinimumVisualStudioVersion = 10.0.40219.1
Project("{FAE04EC0-301F-11D3-BF4B-00C04F79EFBC}") = "WindowsFormsApp1", "WindowsFormsApp1\WindowsFormsApp1.csproj", "{0955CF1B-397A-4392-A7F6-5E4D1D3BDC4D}"
EndProject
Global
	GlobalSection(SolutionConfigurationPlatforms) = preSolution
		Debug|Any CPU = Debug|Any CPU
		Release|Any CPU = Release|Any CPU
	EndGlobalSection
	GlobalSection(ProjectConfigurationPlatforms) = postSolution
		{0955CF1B-397A-4392-A7F6-5E4D1D3BDC4D}.Debug|Any CPU.ActiveCfg = Debug|Any CPU
		{0955CF1B-397A-4392-A7F6-5E4D1D3BDC4D}.Debug|Any CPU.Build.0 = Debug|Any CPU
		{0955CF1B-397A-4392-A7F6-5E4D1D3BDC4D}.Release|Any CPU.ActiveCfg = Release|Any CPU
		{0955CF1B-397A-4392-A7F6-5E4D1D3BDC4D}.Release|Any CPU.Build.0 = Release|Any CPU
	EndGlobalSection
	GlobalSection(SolutionProperties) = preSolution
		HideSolutionNode = FALSE
	EndGlobalSection
	GlobalSection(ExtensibilityGlobals) = postSolution
		SolutionGuid = {A357D901-E0F3-4BE6-9B53-7D702514C765}
	EndGlobalSection
EndGlobal
