
Microsoft Visual Studio Solution File, Format Version 12.00
# Visual Studio Version 16
VisualStudioVersion = 16.0.30114.105
MinimumVisualStudioVersion = 10.0.40219.1
Project("{FAE04EC0-301F-11D3-BF4B-00C04F79EFBC}") = "PruebaEnConsola (Hilos)", "PruebaEnConsola (Hilos)\PruebaEnConsola (Hilos).csproj", "{F51CD44D-D397-4CAE-8C68-DB9DE3C3D005}"
EndProject
Project("{FAE04EC0-301F-11D3-BF4B-00C04F79EFBC}") = "Entidades", "Entidades\Entidades.csproj", "{251F41AF-E614-4DE8-8F93-22367C5AE4EE}"
EndProject
Global
	GlobalSection(SolutionConfigurationPlatforms) = preSolution
		Debug|Any CPU = Debug|Any CPU
		Release|Any CPU = Release|Any CPU
	EndGlobalSection
	GlobalSection(ProjectConfigurationPlatforms) = postSolution
		{F51CD44D-D397-4CAE-8C68-DB9DE3C3D005}.Debug|Any CPU.ActiveCfg = Debug|Any CPU
		{F51CD44D-D397-4CAE-8C68-DB9DE3C3D005}.Debug|Any CPU.Build.0 = Debug|Any CPU
		{F51CD44D-D397-4CAE-8C68-DB9DE3C3D005}.Release|Any CPU.ActiveCfg = Release|Any CPU
		{F51CD44D-D397-4CAE-8C68-DB9DE3C3D005}.Release|Any CPU.Build.0 = Release|Any CPU
		{251F41AF-E614-4DE8-8F93-22367C5AE4EE}.Debug|Any CPU.ActiveCfg = Debug|Any CPU
		{251F41AF-E614-4DE8-8F93-22367C5AE4EE}.Debug|Any CPU.Build.0 = Debug|Any CPU
		{251F41AF-E614-4DE8-8F93-22367C5AE4EE}.Release|Any CPU.ActiveCfg = Release|Any CPU
		{251F41AF-E614-4DE8-8F93-22367C5AE4EE}.Release|Any CPU.Build.0 = Release|Any CPU
	EndGlobalSection
	GlobalSection(SolutionProperties) = preSolution
		HideSolutionNode = FALSE
	EndGlobalSection
	GlobalSection(ExtensibilityGlobals) = postSolution
		SolutionGuid = {684F28D8-FB5B-45F5-A550-B92F6A799100}
	EndGlobalSection
EndGlobal
